
Microsoft Visual Studio Solution File, Format Version 12.00
# Visual Studio Version 16
VisualStudioVersion = 16.0.31613.86
MinimumVisualStudioVersion = 10.0.40219.1
Project("{FAE04EC0-301F-11D3-BF4B-00C04F79EFBC}") = "huellitas.API", "huellitas.API\huellitas.API.csproj", "{9D720D53-5BE5-451C-9D65-9C8691C5F66D}"
EndProject
Global
	GlobalSection(SolutionConfigurationPlatforms) = preSolution
		Debug|Any CPU = Debug|Any CPU
		Release|Any CPU = Release|Any CPU
	EndGlobalSection
	GlobalSection(ProjectConfigurationPlatforms) = postSolution
		{9D720D53-5BE5-451C-9D65-9C8691C5F66D}.Debug|Any CPU.ActiveCfg = Debug|Any CPU
		{9D720D53-5BE5-451C-9D65-9C8691C5F66D}.Debug|Any CPU.Build.0 = Debug|Any CPU
		{9D720D53-5BE5-451C-9D65-9C8691C5F66D}.Release|Any CPU.ActiveCfg = Release|Any CPU
		{9D720D53-5BE5-451C-9D65-9C8691C5F66D}.Release|Any CPU.Build.0 = Release|Any CPU
	EndGlobalSection
	GlobalSection(SolutionProperties) = preSolution
		HideSolutionNode = FALSE
	EndGlobalSection
	GlobalSection(ExtensibilityGlobals) = postSolution
		SolutionGuid = {FDC987B2-E2D6-4754-946C-EC2968A815A0}
	EndGlobalSection
EndGlobal
